{
  "object": {
    "pins": [
      {
        "package": "GemCommonsKit",
        "repositoryURL": "https://build.top.local/source/git/refImpl/mobszen/iOS/GemCommonsKit.git",
        "state": {
          "branch": "Development_1.x",
          "revision": "192eb959d33c7aa7545ce0edd03993522852117b",
          "version": null
        }
      },
      {
        "package": "Nimble",
        "repositoryURL": "https://build.top.local/source/git/refImpl/mobszen/iOS/oss-mirror/Nimble.git",
        "state": {
          "branch": null,
          "revision": "cd6dfb86f496fcd96ce0bc6da962cd936bf41903",
          "version": "7.3.1"
        }
      }
    ]
  },
  "version": 1
}
