// !$*UTF8*$!
{
	archiveVersion = 1;
	classes = {
	};
	objectVersion = 51;
	objects = {

/* Begin PBXBuildFile section */
		0040DDBB365A7AE691912256 /* DataExtASN1IntTest.swift in Sources */ = {isa = PBXBuildFile; fileRef = C0375FD76819501822510FF9 /* DataExtASN1IntTest.swift */; };
		028E1EABB69EA19F8B33BDA8 /* ASN1PrimitiveEncodingTest.swift in Sources */ = {isa = PBXBuildFile; fileRef = E7149D565833C3F38AF2E9D3 /* ASN1PrimitiveEncodingTest.swift */; };
		075D42347F9B859EFD75CA1F /* StringExtASN1EncodingTest.swift in Sources */ = {isa = PBXBuildFile; fileRef = 2E59EDC7B029DB06F8E1F43D /* StringExtASN1EncodingTest.swift */; };
		0976F2CB8E66F642F85AC4BD /* ASN1Kit.framework in Frameworks */ = {isa = PBXBuildFile; fileRef = FCB2F1C0CA35F0DC4C840B06 /* ASN1Kit.framework */; };
		0B82CD9B738679672F1357BC /* IntExtASN1EncodingTest.swift in Sources */ = {isa = PBXBuildFile; fileRef = 6FF683ACCB52B2C08A6BB386 /* IntExtASN1EncodingTest.swift */; };
		1183F1D6EE366FC4AD1EF46E /* XCTestManifests.swift in Sources */ = {isa = PBXBuildFile; fileRef = D20643EB5583D310782284D8 /* XCTestManifests.swift */; };
		14A62F86561AA58F7A42B81E /* OutputStream+UInt8.swift in Sources */ = {isa = PBXBuildFile; fileRef = 0D076069191DF89E13AE3EE9 /* OutputStream+UInt8.swift */; };
		1A48E08E76953FB845FE6111 /* Commandant.xcframework in Frameworks */ = {isa = PBXBuildFile; fileRef = A8878DCC21AFC93BB2564634 /* Commandant.xcframework */; };
		1C88C7CF24A0B9895AB3D3EC /* XCTestManifests.swift in Sources */ = {isa = PBXBuildFile; fileRef = D20643EB5583D310782284D8 /* XCTestManifests.swift */; };
		1CB55A4AC9602C33703C94FD /* ASN1Int.swift in Sources */ = {isa = PBXBuildFile; fileRef = 4CCDE5B661AB69E4CC34002E /* ASN1Int.swift */; };
		1E4B7657A0C3CF435784CAF4 /* Int+ASN1Encoding.swift in Sources */ = {isa = PBXBuildFile; fileRef = F552908E1DD373AD6498D714 /* Int+ASN1Encoding.swift */; };
		204397D412BB5EACBC2E5678 /* ObjectIdentifier.swift in Sources */ = {isa = PBXBuildFile; fileRef = B5B7141F9BEAC2201CE5D6C6 /* ObjectIdentifier.swift */; };
		293BAA15A55886ABBF38C9AC /* DataExtUIntTest.swift in Sources */ = {isa = PBXBuildFile; fileRef = 129B2100778B001C7D6F193B /* DataExtUIntTest.swift */; };
		2B421AB7D04D98866F2A270F /* GeneralizedTimeDateFormatter.swift in Sources */ = {isa = PBXBuildFile; fileRef = 1E2EAB03DFE2F370514F7C02 /* GeneralizedTimeDateFormatter.swift */; };
		2C130F6881BD9715461358D1 /* DataExtUIntTest.swift in Sources */ = {isa = PBXBuildFile; fileRef = 129B2100778B001C7D6F193B /* DataExtUIntTest.swift */; };
		3053A5FBF200E4F3B53DD670 /* ObjectIdentifierTest.swift in Sources */ = {isa = PBXBuildFile; fileRef = FE2283CDB733F21F0907E3DE /* ObjectIdentifierTest.swift */; };
		310412CDFD875372C3944B07 /* ASN1PrimitiveEncodingTest.swift in Sources */ = {isa = PBXBuildFile; fileRef = E7149D565833C3F38AF2E9D3 /* ASN1PrimitiveEncodingTest.swift */; };
		35DDF08ADBBE5D844779337E /* Nimble.xcframework in Frameworks */ = {isa = PBXBuildFile; fileRef = BF61706FCE50D5985198456D /* Nimble.xcframework */; };
		386D7340A71DCC2D17273A9F /* Bool+ASN1Encoding.swift in Sources */ = {isa = PBXBuildFile; fileRef = 8D6589209BF92E6FAD1D8418 /* Bool+ASN1Encoding.swift */; };
		3B20D9B06E44DEAEA63A92B2 /* Date+ASN1Encoding.swift in Sources */ = {isa = PBXBuildFile; fileRef = 20F75C80274863637D66895E /* Date+ASN1Encoding.swift */; };
		3C7CDA3E63CFA87253E7EB67 /* GemCommonsKit.xcframework in Frameworks */ = {isa = PBXBuildFile; fileRef = 1195CA0CCDEEC9DD286640CE /* GemCommonsKit.xcframework */; };
		3E4357330A100BD7A37BFA33 /* ASN1ObjectExtEncodingTest.swift in Sources */ = {isa = PBXBuildFile; fileRef = CA6D1422AAD40249BFE7689C /* ASN1ObjectExtEncodingTest.swift */; };
		3E4FD1BB5FDAE8D1FEC5EE20 /* ArrayExtASN1EncodingTest.swift in Sources */ = {isa = PBXBuildFile; fileRef = 8F054CF8662ED12DB4C32D44 /* ArrayExtASN1EncodingTest.swift */; };
		3EDD132DAC034CF4DE8F34DF /* ASN1Decoder.swift in Sources */ = {isa = PBXBuildFile; fileRef = CB599D1E4B26C96101A2DF9B /* ASN1Decoder.swift */; };
		3FE363EB574BF116FE0694B6 /* ASN1Data.swift in Sources */ = {isa = PBXBuildFile; fileRef = 2DF88A2A92C0219F9499C709 /* ASN1Data.swift */; };
		40B7CDC91BC800F0F11353A3 /* DateExtASN1EncodingTest.swift in Sources */ = {isa = PBXBuildFile; fileRef = BE486480A900E1343206642F /* DateExtASN1EncodingTest.swift */; };
		40BCAD1CC267E368E63E0981 /* ObjCCommonsKit.xcframework in Frameworks */ = {isa = PBXBuildFile; fileRef = 29688B379044C6353A547914 /* ObjCCommonsKit.xcframework */; };
		4270B66FDA31476D547F8B72 /* Int+Length.swift in Sources */ = {isa = PBXBuildFile; fileRef = 6356E857834185E8A2AAC586 /* Int+Length.swift */; };
		432991C0CB86AEE45066070C /* ASN1DecodedTagEncodingTest.swift in Sources */ = {isa = PBXBuildFile; fileRef = B773A1D71BE54F4B12038A79 /* ASN1DecodedTagEncodingTest.swift */; };
		4530A1B17AAD4CE9920FCFFA /* BitStringASN1EncodingTest.swift in Sources */ = {isa = PBXBuildFile; fileRef = 0B9B5B5EF9D8D523A3DA5AA2 /* BitStringASN1EncodingTest.swift */; };
		48460F5B83DE8A67A9A258CB /* ASN1CodableType.swift in Sources */ = {isa = PBXBuildFile; fileRef = 682CA9461C4C8EC88F531612 /* ASN1CodableType.swift */; };
		4CFBA022F216EA1BC860C008 /* OutputStreamBuffer.swift in Sources */ = {isa = PBXBuildFile; fileRef = 6CA0F933F8D96281292B9804 /* OutputStreamBuffer.swift */; };
		4EDE83BF61F1A24C49E50BC8 /* ParseCommand.swift in Sources */ = {isa = PBXBuildFile; fileRef = 61C1D3C1FF03C75FE439C1DE /* ParseCommand.swift */; };
		4FDD07E5C07A95F381EB0CC4 /* BoolExtASN1EncodingTest.swift in Sources */ = {isa = PBXBuildFile; fileRef = 3EBAFBDD359F51A1632C7D09 /* BoolExtASN1EncodingTest.swift */; };
		4FE81CF90BB440EA399BA9F3 /* ASN1Object+Subscript.swift in Sources */ = {isa = PBXBuildFile; fileRef = 57696B242CEC1135B95932D3 /* ASN1Object+Subscript.swift */; };
		5004154AFE2B7AE9B7E87278 /* Nimble.xcframework in Embed Frameworks */ = {isa = PBXBuildFile; fileRef = BF61706FCE50D5985198456D /* Nimble.xcframework */; settings = {ATTRIBUTES = (CodeSignOnCopy, RemoveHeadersOnCopy, ); }; };
		50EA7203BD619CD6144433AE /* Nimbe+ASN1Data.swift in Sources */ = {isa = PBXBuildFile; fileRef = AE5ECA8126459D5803D20DAB /* Nimbe+ASN1Data.swift */; };
		5160C1EC09178FCFA637AE90 /* ASN1Error.swift in Sources */ = {isa = PBXBuildFile; fileRef = 1B7E3F5ED0AD2F7AE7791664 /* ASN1Error.swift */; };
		52E6E9F3BC42628487BBE07B /* ASN1LengthEncodingTest.swift in Sources */ = {isa = PBXBuildFile; fileRef = EBD80F567C76B43BC0CD8F42 /* ASN1LengthEncodingTest.swift */; };
		55BCDDFD4DCF35048244AF11 /* StringExtASN1EncodingTest.swift in Sources */ = {isa = PBXBuildFile; fileRef = 2E59EDC7B029DB06F8E1F43D /* StringExtASN1EncodingTest.swift */; };
		57C08DBA07EDCE4E16F8F989 /* Data+ASN1Int.swift in Sources */ = {isa = PBXBuildFile; fileRef = 23FB6D4A9A39457FB4F41F28 /* Data+ASN1Int.swift */; };
		57E3AEC51C77F79E6D5C4CF9 /* Data+ASN1Encoding.swift in Sources */ = {isa = PBXBuildFile; fileRef = FE6BEC210BE6F5B6011D0927 /* Data+ASN1Encoding.swift */; };
		58E1F7B8AA99ADC617C3DE63 /* ASN1DecodedTag.swift in Sources */ = {isa = PBXBuildFile; fileRef = F1283DF9E0AEE91D07BBE653 /* ASN1DecodedTag.swift */; };
		5FE8DC759D6531C4F82A7FFA /* DataScannerTest.swift in Sources */ = {isa = PBXBuildFile; fileRef = D4414BF62063B4067B098F2C /* DataScannerTest.swift */; };
		607E363A5AB30754E6E253D0 /* ASN1Decoder.swift in Sources */ = {isa = PBXBuildFile; fileRef = CB599D1E4B26C96101A2DF9B /* ASN1Decoder.swift */; };
		6224D7C5EA9B740036728E3E /* Nimbe+ASN1Data.swift in Sources */ = {isa = PBXBuildFile; fileRef = AE5ECA8126459D5803D20DAB /* Nimbe+ASN1Data.swift */; };
		6273F64D98265E1DDEE02AB8 /* Array+ASN1Encoding.swift in Sources */ = {isa = PBXBuildFile; fileRef = 29F936BE5E521F5EBDF2C5B0 /* Array+ASN1Encoding.swift */; };
		69F4EEAF4E3E0397D40E476F /* Resources.bundle in Resources */ = {isa = PBXBuildFile; fileRef = 2F74452A4040AC0BEACAE527 /* Resources.bundle */; };
		6A218EA1A163879765BF62B1 /* String+ASN1Encoding.swift in Sources */ = {isa = PBXBuildFile; fileRef = 95E69CEBA06059B7CE7BDD86 /* String+ASN1Encoding.swift */; };
		6D940EE80BED97360C44AAE5 /* ASN1Kit.framework in Embed Frameworks */ = {isa = PBXBuildFile; fileRef = FCB2F1C0CA35F0DC4C840B06 /* ASN1Kit.framework */; settings = {ATTRIBUTES = (CodeSignOnCopy, RemoveHeadersOnCopy, ); }; };
		6ECF4DCC0E1CF7E122C912F2 /* IntExtLengthTest.swift in Sources */ = {isa = PBXBuildFile; fileRef = 4A6D5090D6A516C0C7A29A46 /* IntExtLengthTest.swift */; };
		6EFA511D9C97057E6E6E9AF4 /* Data+ASN1Encoding.swift in Sources */ = {isa = PBXBuildFile; fileRef = FE6BEC210BE6F5B6011D0927 /* Data+ASN1Encoding.swift */; };
		717486F7A70D900E0A88921A /* IntExtASN1EncodingTest.swift in Sources */ = {isa = PBXBuildFile; fileRef = 6FF683ACCB52B2C08A6BB386 /* IntExtASN1EncodingTest.swift */; };
		7273CA3B76A15E14DB999AE5 /* ObjectIdentifierTest.swift in Sources */ = {isa = PBXBuildFile; fileRef = FE2283CDB733F21F0907E3DE /* ObjectIdentifierTest.swift */; };
		72EE622871F2EDB6BE588677 /* Int+Length.swift in Sources */ = {isa = PBXBuildFile; fileRef = 6356E857834185E8A2AAC586 /* Int+Length.swift */; };
		732A8FB09B82773821E6E97E /* BitStringASN1EncodingTest.swift in Sources */ = {isa = PBXBuildFile; fileRef = 0B9B5B5EF9D8D523A3DA5AA2 /* BitStringASN1EncodingTest.swift */; };
		735301D1F92747F563B85DB1 /* Data+ASN1Int.swift in Sources */ = {isa = PBXBuildFile; fileRef = 23FB6D4A9A39457FB4F41F28 /* Data+ASN1Int.swift */; };
		774AA8E1B969002B5F85CF61 /* Nimble.xcframework in Frameworks */ = {isa = PBXBuildFile; fileRef = BF61706FCE50D5985198456D /* Nimble.xcframework */; };
		777CE0C67FEFCC9C1C109B96 /* GeneralizedTimeDateFormatter.swift in Sources */ = {isa = PBXBuildFile; fileRef = 1E2EAB03DFE2F370514F7C02 /* GeneralizedTimeDateFormatter.swift */; };
		78C11DBA88FBCF69650BB224 /* ASN1Kit.framework in Embed Frameworks */ = {isa = PBXBuildFile; fileRef = FCB2F1C0CA35F0DC4C840B06 /* ASN1Kit.framework */; settings = {ATTRIBUTES = (CodeSignOnCopy, RemoveHeadersOnCopy, ); }; };
		7C2CF32353B13885C17213DA /* ASN1Tag.swift in Sources */ = {isa = PBXBuildFile; fileRef = 5147C7BA70B61862A7B1B5C7 /* ASN1Tag.swift */; };
		7E30659E1E24F8D70C620613 /* UIntExtTagNoTest.swift in Sources */ = {isa = PBXBuildFile; fileRef = 3B27876AB4FF2F286108979A /* UIntExtTagNoTest.swift */; };
		807D6F49BA6DD72D8A3B28DE /* UInt+TagNo.swift in Sources */ = {isa = PBXBuildFile; fileRef = 0B56DBEE6D521DCA07780157 /* UInt+TagNo.swift */; };
		81BB10622B3F4467CDB2B088 /* OutputStream+UInt8.swift in Sources */ = {isa = PBXBuildFile; fileRef = 0D076069191DF89E13AE3EE9 /* OutputStream+UInt8.swift */; };
		876A25159DFAFF02E47BA798 /* ASN1Data.swift in Sources */ = {isa = PBXBuildFile; fileRef = 2DF88A2A92C0219F9499C709 /* ASN1Data.swift */; };
		89573B6639B4C98580E964A4 /* Array+ASN1Encoding.swift in Sources */ = {isa = PBXBuildFile; fileRef = 29F936BE5E521F5EBDF2C5B0 /* Array+ASN1Encoding.swift */; };
		8ABD4BB90EB26AAED91C5A25 /* ASN1ConstructedEncodingTest.swift in Sources */ = {isa = PBXBuildFile; fileRef = E411CBC6B2363A7718BB855C /* ASN1ConstructedEncodingTest.swift */; };
		8DD817FBE8165C2831712CE1 /* Bool+ASN1Encoding.swift in Sources */ = {isa = PBXBuildFile; fileRef = 8D6589209BF92E6FAD1D8418 /* Bool+ASN1Encoding.swift */; };
		909D0B15F3C5EFCDE002DB37 /* ASN1DecoderTest.swift in Sources */ = {isa = PBXBuildFile; fileRef = 651A74D459078AEE91E77A12 /* ASN1DecoderTest.swift */; };
		923EBCB652ED1F3D22FC5C80 /* ASN1LengthEncodingTest.swift in Sources */ = {isa = PBXBuildFile; fileRef = EBD80F567C76B43BC0CD8F42 /* ASN1LengthEncodingTest.swift */; };
		93476DF488DA0EEABB8B3090 /* ASN1Tag.swift in Sources */ = {isa = PBXBuildFile; fileRef = 5147C7BA70B61862A7B1B5C7 /* ASN1Tag.swift */; };
		955ED7B1ED45891AF2155F95 /* DataScannerTest.swift in Sources */ = {isa = PBXBuildFile; fileRef = D4414BF62063B4067B098F2C /* DataScannerTest.swift */; };
		95DA7E82D2A5CB38FF38BB45 /* DateExtASN1EncodingTest.swift in Sources */ = {isa = PBXBuildFile; fileRef = BE486480A900E1343206642F /* DateExtASN1EncodingTest.swift */; };
		98324E3B0362DBEDC02386CB /* GemCommonsKit.xcframework in Frameworks */ = {isa = PBXBuildFile; fileRef = 1195CA0CCDEEC9DD286640CE /* GemCommonsKit.xcframework */; };
		9934BC8D009331500F7DE798 /* ASN1ConstructedEncodingTest.swift in Sources */ = {isa = PBXBuildFile; fileRef = E411CBC6B2363A7718BB855C /* ASN1ConstructedEncodingTest.swift */; };
		9C2DC013AB774853109A7B51 /* DataKit.xcframework in Frameworks */ = {isa = PBXBuildFile; fileRef = 67959C4111EE1EF55B0DA0D2 /* DataKit.xcframework */; };
		9D17EE10FE61BB4A5037E572 /* ASN1CodableType.swift in Sources */ = {isa = PBXBuildFile; fileRef = 682CA9461C4C8EC88F531612 /* ASN1CodableType.swift */; };
		9D999CC08525AB514861034F /* ASN1Kit.framework in Frameworks */ = {isa = PBXBuildFile; fileRef = EA715287F36358662131FFEE /* ASN1Kit.framework */; };
		A2D59E4F69851795C669A0FD /* Data+UInt.swift in Sources */ = {isa = PBXBuildFile; fileRef = D81A14559C0096076BBF8F7B /* Data+UInt.swift */; };
		A6A96089E605B4F713B656C9 /* ASN1Primitive+Description.swift in Sources */ = {isa = PBXBuildFile; fileRef = 877161B2467F0F34D9E901D6 /* ASN1Primitive+Description.swift */; };
		A7DF2275B7E5BF40960BF6F2 /* ASN1DecodedTagEncodingTest.swift in Sources */ = {isa = PBXBuildFile; fileRef = B773A1D71BE54F4B12038A79 /* ASN1DecodedTagEncodingTest.swift */; };
		A93FE26E1442617F0E73F491 /* ASN1Primitive+Description.swift in Sources */ = {isa = PBXBuildFile; fileRef = 877161B2467F0F34D9E901D6 /* ASN1Primitive+Description.swift */; };
		B268059EEAA76F2A9C60CEBC /* Data+UInt.swift in Sources */ = {isa = PBXBuildFile; fileRef = D81A14559C0096076BBF8F7B /* Data+UInt.swift */; };
		B549A1752E99077D65E0AB1C /* UInt+TagNo.swift in Sources */ = {isa = PBXBuildFile; fileRef = 0B56DBEE6D521DCA07780157 /* UInt+TagNo.swift */; };
		B6CDFB682E538A091771BB2F /* String+ASN1Encoding.swift in Sources */ = {isa = PBXBuildFile; fileRef = 95E69CEBA06059B7CE7BDD86 /* String+ASN1Encoding.swift */; };
		B7431E3E68585A29DAA552C2 /* ASN1Object.swift in Sources */ = {isa = PBXBuildFile; fileRef = 3B3565C1EF3F5358CB63989B /* ASN1Object.swift */; };
		BAC5F33D8F379AEE15851046 /* EquatableASN1Object.swift in Sources */ = {isa = PBXBuildFile; fileRef = 9116DA6374C920818E67DCA3 /* EquatableASN1Object.swift */; };
		BB79BE126F64F96D4C0DA630 /* ObjectIdentifier.swift in Sources */ = {isa = PBXBuildFile; fileRef = B5B7141F9BEAC2201CE5D6C6 /* ObjectIdentifier.swift */; };
		BBAB7A26A9818E2A28F6963B /* ArrayExtASN1EncodingTest.swift in Sources */ = {isa = PBXBuildFile; fileRef = 8F054CF8662ED12DB4C32D44 /* ArrayExtASN1EncodingTest.swift */; };
		BCF7B199F110C6B2B5C51BBB /* BoolExtASN1EncodingTest.swift in Sources */ = {isa = PBXBuildFile; fileRef = 3EBAFBDD359F51A1632C7D09 /* BoolExtASN1EncodingTest.swift */; };
		C364D6A567BF63E4D6083659 /* ASN1Kit.framework in Frameworks */ = {isa = PBXBuildFile; fileRef = FCB2F1C0CA35F0DC4C840B06 /* ASN1Kit.framework */; };
		C456C2C3495240017102D40F /* DataKit.xcframework in Frameworks */ = {isa = PBXBuildFile; fileRef = 67959C4111EE1EF55B0DA0D2 /* DataKit.xcframework */; };
		C50A22F8834F725A844AA7B5 /* ASN1DecodedTag+Encoding.swift in Sources */ = {isa = PBXBuildFile; fileRef = 42798FCD566F160C179F4D00 /* ASN1DecodedTag+Encoding.swift */; };
		C5AD011E58AC18C57D4CCBEE /* ASN1Object+Subscript.swift in Sources */ = {isa = PBXBuildFile; fileRef = 57696B242CEC1135B95932D3 /* ASN1Object+Subscript.swift */; };
		C9F763B61F090ED20EAA93C1 /* IntExtLengthTest.swift in Sources */ = {isa = PBXBuildFile; fileRef = 4A6D5090D6A516C0C7A29A46 /* IntExtLengthTest.swift */; };
		CB07BFE95771270B6CEDB252 /* EquatableASN1Object.swift in Sources */ = {isa = PBXBuildFile; fileRef = 9116DA6374C920818E67DCA3 /* EquatableASN1Object.swift */; };
		CB4DBFBCB1BCAEA6E5800668 /* String+Subscript.swift in Sources */ = {isa = PBXBuildFile; fileRef = B0EB690DB57F739093557F15 /* String+Subscript.swift */; };
		CE1752D5BFF7E57A2AE7BDDD /* ASN1DecoderTest.swift in Sources */ = {isa = PBXBuildFile; fileRef = 651A74D459078AEE91E77A12 /* ASN1DecoderTest.swift */; };
		D2A69AAB1AC9AAAE4F4C0D6C /* DataExtASN1EncodingTest.swift in Sources */ = {isa = PBXBuildFile; fileRef = 7721A2E275F531E9D69AAE59 /* DataExtASN1EncodingTest.swift */; };
		D397A9BD10FA33391D43C193 /* GemCommonsKit.xcframework in Frameworks */ = {isa = PBXBuildFile; fileRef = 1195CA0CCDEEC9DD286640CE /* GemCommonsKit.xcframework */; };
		D4B306FC8ADDBCF028D3C458 /* ASN1Object.swift in Sources */ = {isa = PBXBuildFile; fileRef = 3B3565C1EF3F5358CB63989B /* ASN1Object.swift */; };
		D7D7F10BA7D8511B0366B3D0 /* ASN1Kit.framework in Embed Frameworks */ = {isa = PBXBuildFile; fileRef = EA715287F36358662131FFEE /* ASN1Kit.framework */; settings = {ATTRIBUTES = (CodeSignOnCopy, RemoveHeadersOnCopy, ); }; };
		D88F20B4EA775B5BC55E4E03 /* ASN1DecodedTag.swift in Sources */ = {isa = PBXBuildFile; fileRef = F1283DF9E0AEE91D07BBE653 /* ASN1DecodedTag.swift */; };
		DBC03CEAD521DE42C693BE47 /* ASN1Object+Encoding.swift in Sources */ = {isa = PBXBuildFile; fileRef = 91DD74E01ECD7D6B36A8DD5C /* ASN1Object+Encoding.swift */; };
		DCF105D37FD0913EF191FB23 /* ASN1DecodedTag+Encoding.swift in Sources */ = {isa = PBXBuildFile; fileRef = 42798FCD566F160C179F4D00 /* ASN1DecodedTag+Encoding.swift */; };
		DD84CEBA4D68B30AF9C796CA /* UIntExtTagNoTest.swift in Sources */ = {isa = PBXBuildFile; fileRef = 3B27876AB4FF2F286108979A /* UIntExtTagNoTest.swift */; };
		DFD7C12D471555BE02CFA8D8 /* Int+ASN1Encoding.swift in Sources */ = {isa = PBXBuildFile; fileRef = F552908E1DD373AD6498D714 /* Int+ASN1Encoding.swift */; };
		E38C3D899B7406706AF492D4 /* DataExtASN1IntTest.swift in Sources */ = {isa = PBXBuildFile; fileRef = C0375FD76819501822510FF9 /* DataExtASN1IntTest.swift */; };
		E412302F15252C57DB4BD6CF /* Date+ASN1Encoding.swift in Sources */ = {isa = PBXBuildFile; fileRef = 20F75C80274863637D66895E /* Date+ASN1Encoding.swift */; };
		E514E3DC3E3F88DEAC3632A1 /* ASN1ObjectExtEncodingTest.swift in Sources */ = {isa = PBXBuildFile; fileRef = CA6D1422AAD40249BFE7689C /* ASN1ObjectExtEncodingTest.swift */; };
		E88E0E7B879F8C80D99AD743 /* DataScanner.swift in Sources */ = {isa = PBXBuildFile; fileRef = A659A6785BA96384890F6CB3 /* DataScanner.swift */; };
		E89462F4B6AA0EFEC43D1923 /* DataKit.xcframework in Frameworks */ = {isa = PBXBuildFile; fileRef = 67959C4111EE1EF55B0DA0D2 /* DataKit.xcframework */; };
		E8D561E5747988360C6F0B03 /* ASN1Object+Encoding.swift in Sources */ = {isa = PBXBuildFile; fileRef = 91DD74E01ECD7D6B36A8DD5C /* ASN1Object+Encoding.swift */; };
		EF5E13FA3EDC342F7348ED22 /* DataExtASN1EncodingTest.swift in Sources */ = {isa = PBXBuildFile; fileRef = 7721A2E275F531E9D69AAE59 /* DataExtASN1EncodingTest.swift */; };
		EF979B0218F4137107A0A0F6 /* OutputStreamBuffer.swift in Sources */ = {isa = PBXBuildFile; fileRef = 6CA0F933F8D96281292B9804 /* OutputStreamBuffer.swift */; };
		F0C963ACC445EE7E072C7681 /* main.swift in Sources */ = {isa = PBXBuildFile; fileRef = 6BD6BC0258334E692989ACFD /* main.swift */; };
		F1CC544EBAC1321398D25FFE /* Resources.bundle in Resources */ = {isa = PBXBuildFile; fileRef = 2F74452A4040AC0BEACAE527 /* Resources.bundle */; };
		F3C305A2D82CC9F3D2DB7C96 /* Nimble.xcframework in Embed Frameworks */ = {isa = PBXBuildFile; fileRef = BF61706FCE50D5985198456D /* Nimble.xcframework */; settings = {ATTRIBUTES = (CodeSignOnCopy, RemoveHeadersOnCopy, ); }; };
		F93831715ADC6AC030CF452C /* ASN1Error.swift in Sources */ = {isa = PBXBuildFile; fileRef = 1B7E3F5ED0AD2F7AE7791664 /* ASN1Error.swift */; };
		F98ED991C169EFD79FC12D34 /* DataScanner.swift in Sources */ = {isa = PBXBuildFile; fileRef = A659A6785BA96384890F6CB3 /* DataScanner.swift */; };
		FAC877B733818A87D5486BB3 /* VersionCommand.swift in Sources */ = {isa = PBXBuildFile; fileRef = EAE188072EC317B93DC93A87 /* VersionCommand.swift */; };
		FB7E017B159B07C6E935949D /* ASN1Kit.docc in Sources */ = {isa = PBXBuildFile; fileRef = 9A8427D30FFDE81EEE9EA077 /* ASN1Kit.docc */; };
		FDF6CAA23C651A9352381BA2 /* String+Subscript.swift in Sources */ = {isa = PBXBuildFile; fileRef = B0EB690DB57F739093557F15 /* String+Subscript.swift */; };
		FE04A9A74EACC632D6A6FC3C /* ASN1Kit.docc in Sources */ = {isa = PBXBuildFile; fileRef = 9A8427D30FFDE81EEE9EA077 /* ASN1Kit.docc */; };
		FEAC4104F2271A1AA5DCEE6E /* ASN1Int.swift in Sources */ = {isa = PBXBuildFile; fileRef = 4CCDE5B661AB69E4CC34002E /* ASN1Int.swift */; };
/* End PBXBuildFile section */

/* Begin PBXContainerItemProxy section */
		048FCF2EEA2A3345B1B19CC9 /* PBXContainerItemProxy */ = {
			isa = PBXContainerItemProxy;
			containerPortal = 1499C78E18CE0089E24463EF /* Project object */;
			proxyType = 1;
			remoteGlobalIDString = 1C876C47CB6FF5E554E61A88;
			remoteInfo = ASN1Kit_macOS;
		};
		3214F9017F633CB794F2A701 /* PBXContainerItemProxy */ = {
			isa = PBXContainerItemProxy;
			containerPortal = 1499C78E18CE0089E24463EF /* Project object */;
			proxyType = 1;
			remoteGlobalIDString = 1C876C47CB6FF5E554E61A88;
			remoteInfo = ASN1Kit_macOS;
		};
		BB8E1A015825658AACE0169C /* PBXContainerItemProxy */ = {
			isa = PBXContainerItemProxy;
			containerPortal = 1499C78E18CE0089E24463EF /* Project object */;
			proxyType = 1;
			remoteGlobalIDString = ADF48795950D497705C1D029;
			remoteInfo = ASN1Kit_iOS;
		};
/* End PBXContainerItemProxy section */

/* Begin PBXCopyFilesBuildPhase section */
		157CA323A392E8687CDEBEF2 /* Embed Frameworks */ = {
			isa = PBXCopyFilesBuildPhase;
			buildActionMask = 2147483647;
			dstPath = "";
			dstSubfolderSpec = 10;
			files = (
				D7D7F10BA7D8511B0366B3D0 /* ASN1Kit.framework in Embed Frameworks */,
				5004154AFE2B7AE9B7E87278 /* Nimble.xcframework in Embed Frameworks */,
			);
			name = "Embed Frameworks";
			runOnlyForDeploymentPostprocessing = 0;
		};
		5C42F414A300DDC83A7D7018 /* Embed Frameworks */ = {
			isa = PBXCopyFilesBuildPhase;
			buildActionMask = 2147483647;
			dstPath = "";
			dstSubfolderSpec = 10;
			files = (
				78C11DBA88FBCF69650BB224 /* ASN1Kit.framework in Embed Frameworks */,
			);
			name = "Embed Frameworks";
			runOnlyForDeploymentPostprocessing = 0;
		};
		8C262C030C6C99C3AE5821BE /* Embed Frameworks */ = {
			isa = PBXCopyFilesBuildPhase;
			buildActionMask = 2147483647;
			dstPath = "";
			dstSubfolderSpec = 10;
			files = (
				6D940EE80BED97360C44AAE5 /* ASN1Kit.framework in Embed Frameworks */,
				F3C305A2D82CC9F3D2DB7C96 /* Nimble.xcframework in Embed Frameworks */,
			);
			name = "Embed Frameworks";
			runOnlyForDeploymentPostprocessing = 0;
		};
/* End PBXCopyFilesBuildPhase section */

/* Begin PBXFileReference section */
		0B56DBEE6D521DCA07780157 /* UInt+TagNo.swift */ = {isa = PBXFileReference; lastKnownFileType = sourcecode.swift; path = "UInt+TagNo.swift"; sourceTree = "<group>"; };
		0B9B5B5EF9D8D523A3DA5AA2 /* BitStringASN1EncodingTest.swift */ = {isa = PBXFileReference; lastKnownFileType = sourcecode.swift; path = BitStringASN1EncodingTest.swift; sourceTree = "<group>"; };
		0D076069191DF89E13AE3EE9 /* OutputStream+UInt8.swift */ = {isa = PBXFileReference; lastKnownFileType = sourcecode.swift; path = "OutputStream+UInt8.swift"; sourceTree = "<group>"; };
		1195CA0CCDEEC9DD286640CE /* GemCommonsKit.xcframework */ = {isa = PBXFileReference; lastKnownFileType = wrapper.xcframework; name = GemCommonsKit.xcframework; path = Carthage/Build/GemCommonsKit.xcframework; sourceTree = "<group>"; };
		129B2100778B001C7D6F193B /* DataExtUIntTest.swift */ = {isa = PBXFileReference; lastKnownFileType = sourcecode.swift; path = DataExtUIntTest.swift; sourceTree = "<group>"; };
		1B7E3F5ED0AD2F7AE7791664 /* ASN1Error.swift */ = {isa = PBXFileReference; lastKnownFileType = sourcecode.swift; path = ASN1Error.swift; sourceTree = "<group>"; };
		1E2EAB03DFE2F370514F7C02 /* GeneralizedTimeDateFormatter.swift */ = {isa = PBXFileReference; lastKnownFileType = sourcecode.swift; path = GeneralizedTimeDateFormatter.swift; sourceTree = "<group>"; };
		20F75C80274863637D66895E /* Date+ASN1Encoding.swift */ = {isa = PBXFileReference; lastKnownFileType = sourcecode.swift; path = "Date+ASN1Encoding.swift"; sourceTree = "<group>"; };
		23FB6D4A9A39457FB4F41F28 /* Data+ASN1Int.swift */ = {isa = PBXFileReference; lastKnownFileType = sourcecode.swift; path = "Data+ASN1Int.swift"; sourceTree = "<group>"; };
		29688B379044C6353A547914 /* ObjCCommonsKit.xcframework */ = {isa = PBXFileReference; lastKnownFileType = wrapper.xcframework; name = ObjCCommonsKit.xcframework; path = Carthage/Build/ObjCCommonsKit.xcframework; sourceTree = "<group>"; };
		29F936BE5E521F5EBDF2C5B0 /* Array+ASN1Encoding.swift */ = {isa = PBXFileReference; lastKnownFileType = sourcecode.swift; path = "Array+ASN1Encoding.swift"; sourceTree = "<group>"; };
		2DF88A2A92C0219F9499C709 /* ASN1Data.swift */ = {isa = PBXFileReference; lastKnownFileType = sourcecode.swift; path = ASN1Data.swift; sourceTree = "<group>"; };
		2E59EDC7B029DB06F8E1F43D /* StringExtASN1EncodingTest.swift */ = {isa = PBXFileReference; lastKnownFileType = sourcecode.swift; path = StringExtASN1EncodingTest.swift; sourceTree = "<group>"; };
		2F74452A4040AC0BEACAE527 /* Resources.bundle */ = {isa = PBXFileReference; lastKnownFileType = wrapper.cfbundle; path = Resources.bundle; sourceTree = "<group>"; };
		3B27876AB4FF2F286108979A /* UIntExtTagNoTest.swift */ = {isa = PBXFileReference; lastKnownFileType = sourcecode.swift; path = UIntExtTagNoTest.swift; sourceTree = "<group>"; };
		3B3565C1EF3F5358CB63989B /* ASN1Object.swift */ = {isa = PBXFileReference; lastKnownFileType = sourcecode.swift; path = ASN1Object.swift; sourceTree = "<group>"; };
		3EBAFBDD359F51A1632C7D09 /* BoolExtASN1EncodingTest.swift */ = {isa = PBXFileReference; lastKnownFileType = sourcecode.swift; path = BoolExtASN1EncodingTest.swift; sourceTree = "<group>"; };
		42798FCD566F160C179F4D00 /* ASN1DecodedTag+Encoding.swift */ = {isa = PBXFileReference; lastKnownFileType = sourcecode.swift; path = "ASN1DecodedTag+Encoding.swift"; sourceTree = "<group>"; };
		4A6D5090D6A516C0C7A29A46 /* IntExtLengthTest.swift */ = {isa = PBXFileReference; lastKnownFileType = sourcecode.swift; path = IntExtLengthTest.swift; sourceTree = "<group>"; };
		4CCDE5B661AB69E4CC34002E /* ASN1Int.swift */ = {isa = PBXFileReference; lastKnownFileType = sourcecode.swift; path = ASN1Int.swift; sourceTree = "<group>"; };
		5147C7BA70B61862A7B1B5C7 /* ASN1Tag.swift */ = {isa = PBXFileReference; lastKnownFileType = sourcecode.swift; path = ASN1Tag.swift; sourceTree = "<group>"; };
		57696B242CEC1135B95932D3 /* ASN1Object+Subscript.swift */ = {isa = PBXFileReference; lastKnownFileType = sourcecode.swift; path = "ASN1Object+Subscript.swift"; sourceTree = "<group>"; };
		61C1D3C1FF03C75FE439C1DE /* ParseCommand.swift */ = {isa = PBXFileReference; lastKnownFileType = sourcecode.swift; path = ParseCommand.swift; sourceTree = "<group>"; };
		6356E857834185E8A2AAC586 /* Int+Length.swift */ = {isa = PBXFileReference; lastKnownFileType = sourcecode.swift; path = "Int+Length.swift"; sourceTree = "<group>"; };
		651A74D459078AEE91E77A12 /* ASN1DecoderTest.swift */ = {isa = PBXFileReference; lastKnownFileType = sourcecode.swift; path = ASN1DecoderTest.swift; sourceTree = "<group>"; };
		67959C4111EE1EF55B0DA0D2 /* DataKit.xcframework */ = {isa = PBXFileReference; lastKnownFileType = wrapper.xcframework; name = DataKit.xcframework; path = Carthage/Build/DataKit.xcframework; sourceTree = "<group>"; };
		682CA9461C4C8EC88F531612 /* ASN1CodableType.swift */ = {isa = PBXFileReference; lastKnownFileType = sourcecode.swift; path = ASN1CodableType.swift; sourceTree = "<group>"; };
		6BD6BC0258334E692989ACFD /* main.swift */ = {isa = PBXFileReference; lastKnownFileType = sourcecode.swift; path = main.swift; sourceTree = "<group>"; };
		6CA0F933F8D96281292B9804 /* OutputStreamBuffer.swift */ = {isa = PBXFileReference; lastKnownFileType = sourcecode.swift; path = OutputStreamBuffer.swift; sourceTree = "<group>"; };
		6FF683ACCB52B2C08A6BB386 /* IntExtASN1EncodingTest.swift */ = {isa = PBXFileReference; lastKnownFileType = sourcecode.swift; path = IntExtASN1EncodingTest.swift; sourceTree = "<group>"; };
		7721A2E275F531E9D69AAE59 /* DataExtASN1EncodingTest.swift */ = {isa = PBXFileReference; lastKnownFileType = sourcecode.swift; path = DataExtASN1EncodingTest.swift; sourceTree = "<group>"; };
		80C94C8336D1F9456C479130 /* ASN1KitTests.xctest */ = {isa = PBXFileReference; explicitFileType = wrapper.cfbundle; includeInIndex = 0; path = ASN1KitTests.xctest; sourceTree = BUILT_PRODUCTS_DIR; };
		877161B2467F0F34D9E901D6 /* ASN1Primitive+Description.swift */ = {isa = PBXFileReference; lastKnownFileType = sourcecode.swift; path = "ASN1Primitive+Description.swift"; sourceTree = "<group>"; };
		8D6589209BF92E6FAD1D8418 /* Bool+ASN1Encoding.swift */ = {isa = PBXFileReference; lastKnownFileType = sourcecode.swift; path = "Bool+ASN1Encoding.swift"; sourceTree = "<group>"; };
		8F054CF8662ED12DB4C32D44 /* ArrayExtASN1EncodingTest.swift */ = {isa = PBXFileReference; lastKnownFileType = sourcecode.swift; path = ArrayExtASN1EncodingTest.swift; sourceTree = "<group>"; };
		9116DA6374C920818E67DCA3 /* EquatableASN1Object.swift */ = {isa = PBXFileReference; lastKnownFileType = sourcecode.swift; path = EquatableASN1Object.swift; sourceTree = "<group>"; };
		91DD74E01ECD7D6B36A8DD5C /* ASN1Object+Encoding.swift */ = {isa = PBXFileReference; lastKnownFileType = sourcecode.swift; path = "ASN1Object+Encoding.swift"; sourceTree = "<group>"; };
		95E69CEBA06059B7CE7BDD86 /* String+ASN1Encoding.swift */ = {isa = PBXFileReference; lastKnownFileType = sourcecode.swift; path = "String+ASN1Encoding.swift"; sourceTree = "<group>"; };
		9A8427D30FFDE81EEE9EA077 /* ASN1Kit.docc */ = {isa = PBXFileReference; lastKnownFileType = folder.documentationcatalog; path = ASN1Kit.docc; sourceTree = "<group>"; };
		A659A6785BA96384890F6CB3 /* DataScanner.swift */ = {isa = PBXFileReference; lastKnownFileType = sourcecode.swift; path = DataScanner.swift; sourceTree = "<group>"; };
		A8878DCC21AFC93BB2564634 /* Commandant.xcframework */ = {isa = PBXFileReference; lastKnownFileType = wrapper.xcframework; name = Commandant.xcframework; path = Carthage/Build/Commandant.xcframework; sourceTree = "<group>"; };
		A9781C2A34B69ED0B9AAAED3 /* asn1c */ = {isa = PBXFileReference; includeInIndex = 0; path = asn1c; sourceTree = BUILT_PRODUCTS_DIR; };
		AE5ECA8126459D5803D20DAB /* Nimbe+ASN1Data.swift */ = {isa = PBXFileReference; lastKnownFileType = sourcecode.swift; path = "Nimbe+ASN1Data.swift"; sourceTree = "<group>"; };
		B0EB690DB57F739093557F15 /* String+Subscript.swift */ = {isa = PBXFileReference; lastKnownFileType = sourcecode.swift; path = "String+Subscript.swift"; sourceTree = "<group>"; };
		B5B7141F9BEAC2201CE5D6C6 /* ObjectIdentifier.swift */ = {isa = PBXFileReference; lastKnownFileType = sourcecode.swift; path = ObjectIdentifier.swift; sourceTree = "<group>"; };
		B773A1D71BE54F4B12038A79 /* ASN1DecodedTagEncodingTest.swift */ = {isa = PBXFileReference; lastKnownFileType = sourcecode.swift; path = ASN1DecodedTagEncodingTest.swift; sourceTree = "<group>"; };
		BE486480A900E1343206642F /* DateExtASN1EncodingTest.swift */ = {isa = PBXFileReference; lastKnownFileType = sourcecode.swift; path = DateExtASN1EncodingTest.swift; sourceTree = "<group>"; };
		BF61706FCE50D5985198456D /* Nimble.xcframework */ = {isa = PBXFileReference; lastKnownFileType = wrapper.xcframework; name = Nimble.xcframework; path = Carthage/Build/Nimble.xcframework; sourceTree = "<group>"; };
		C0375FD76819501822510FF9 /* DataExtASN1IntTest.swift */ = {isa = PBXFileReference; lastKnownFileType = sourcecode.swift; path = DataExtASN1IntTest.swift; sourceTree = "<group>"; };
		CA6D1422AAD40249BFE7689C /* ASN1ObjectExtEncodingTest.swift */ = {isa = PBXFileReference; lastKnownFileType = sourcecode.swift; path = ASN1ObjectExtEncodingTest.swift; sourceTree = "<group>"; };
		CB599D1E4B26C96101A2DF9B /* ASN1Decoder.swift */ = {isa = PBXFileReference; lastKnownFileType = sourcecode.swift; path = ASN1Decoder.swift; sourceTree = "<group>"; };
		D06002EF12CB14E936090932 /* ASN1KitTests.xctest */ = {isa = PBXFileReference; includeInIndex = 0; lastKnownFileType = wrapper.cfbundle; path = ASN1KitTests.xctest; sourceTree = BUILT_PRODUCTS_DIR; };
		D20643EB5583D310782284D8 /* XCTestManifests.swift */ = {isa = PBXFileReference; lastKnownFileType = sourcecode.swift; path = XCTestManifests.swift; sourceTree = "<group>"; };
		D4414BF62063B4067B098F2C /* DataScannerTest.swift */ = {isa = PBXFileReference; lastKnownFileType = sourcecode.swift; path = DataScannerTest.swift; sourceTree = "<group>"; };
		D81A14559C0096076BBF8F7B /* Data+UInt.swift */ = {isa = PBXFileReference; lastKnownFileType = sourcecode.swift; path = "Data+UInt.swift"; sourceTree = "<group>"; };
		E411CBC6B2363A7718BB855C /* ASN1ConstructedEncodingTest.swift */ = {isa = PBXFileReference; lastKnownFileType = sourcecode.swift; path = ASN1ConstructedEncodingTest.swift; sourceTree = "<group>"; };
		E7149D565833C3F38AF2E9D3 /* ASN1PrimitiveEncodingTest.swift */ = {isa = PBXFileReference; lastKnownFileType = sourcecode.swift; path = ASN1PrimitiveEncodingTest.swift; sourceTree = "<group>"; };
		EA715287F36358662131FFEE /* ASN1Kit.framework */ = {isa = PBXFileReference; explicitFileType = wrapper.framework; includeInIndex = 0; path = ASN1Kit.framework; sourceTree = BUILT_PRODUCTS_DIR; };
		EAE188072EC317B93DC93A87 /* VersionCommand.swift */ = {isa = PBXFileReference; lastKnownFileType = sourcecode.swift; path = VersionCommand.swift; sourceTree = "<group>"; };
		EBD80F567C76B43BC0CD8F42 /* ASN1LengthEncodingTest.swift */ = {isa = PBXFileReference; lastKnownFileType = sourcecode.swift; path = ASN1LengthEncodingTest.swift; sourceTree = "<group>"; };
		F1283DF9E0AEE91D07BBE653 /* ASN1DecodedTag.swift */ = {isa = PBXFileReference; lastKnownFileType = sourcecode.swift; path = ASN1DecodedTag.swift; sourceTree = "<group>"; };
		F552908E1DD373AD6498D714 /* Int+ASN1Encoding.swift */ = {isa = PBXFileReference; lastKnownFileType = sourcecode.swift; path = "Int+ASN1Encoding.swift"; sourceTree = "<group>"; };
		FCB2F1C0CA35F0DC4C840B06 /* ASN1Kit.framework */ = {isa = PBXFileReference; explicitFileType = wrapper.framework; includeInIndex = 0; path = ASN1Kit.framework; sourceTree = BUILT_PRODUCTS_DIR; };
		FE2283CDB733F21F0907E3DE /* ObjectIdentifierTest.swift */ = {isa = PBXFileReference; lastKnownFileType = sourcecode.swift; path = ObjectIdentifierTest.swift; sourceTree = "<group>"; };
		FE6BEC210BE6F5B6011D0927 /* Data+ASN1Encoding.swift */ = {isa = PBXFileReference; lastKnownFileType = sourcecode.swift; path = "Data+ASN1Encoding.swift"; sourceTree = "<group>"; };
/* End PBXFileReference section */

/* Begin PBXFrameworksBuildPhase section */
		19C02154DB33A806F14446E1 /* Frameworks */ = {
			isa = PBXFrameworksBuildPhase;
			buildActionMask = 2147483647;
			files = (
				C364D6A567BF63E4D6083659 /* ASN1Kit.framework in Frameworks */,
				1A48E08E76953FB845FE6111 /* Commandant.xcframework in Frameworks */,
				C456C2C3495240017102D40F /* DataKit.xcframework in Frameworks */,
				3C7CDA3E63CFA87253E7EB67 /* GemCommonsKit.xcframework in Frameworks */,
				40BCAD1CC267E368E63E0981 /* ObjCCommonsKit.xcframework in Frameworks */,
			);
			runOnlyForDeploymentPostprocessing = 0;
		};
		22F5647D41F31F3F47CA25CF /* Frameworks */ = {
			isa = PBXFrameworksBuildPhase;
			buildActionMask = 2147483647;
			files = (
				9D999CC08525AB514861034F /* ASN1Kit.framework in Frameworks */,
				35DDF08ADBBE5D844779337E /* Nimble.xcframework in Frameworks */,
			);
			runOnlyForDeploymentPostprocessing = 0;
		};
		31A9668E7358CE7A7C70371D /* Frameworks */ = {
			isa = PBXFrameworksBuildPhase;
			buildActionMask = 2147483647;
			files = (
				98324E3B0362DBEDC02386CB /* GemCommonsKit.xcframework in Frameworks */,
				E89462F4B6AA0EFEC43D1923 /* DataKit.xcframework in Frameworks */,
			);
			runOnlyForDeploymentPostprocessing = 0;
		};
		8821974FA2D85F704C1EC20E /* Frameworks */ = {
			isa = PBXFrameworksBuildPhase;
			buildActionMask = 2147483647;
			files = (
				0976F2CB8E66F642F85AC4BD /* ASN1Kit.framework in Frameworks */,
				774AA8E1B969002B5F85CF61 /* Nimble.xcframework in Frameworks */,
			);
			runOnlyForDeploymentPostprocessing = 0;
		};
		CAE303630B670F058036798F /* Frameworks */ = {
			isa = PBXFrameworksBuildPhase;
			buildActionMask = 2147483647;
			files = (
				D397A9BD10FA33391D43C193 /* GemCommonsKit.xcframework in Frameworks */,
				9C2DC013AB774853109A7B51 /* DataKit.xcframework in Frameworks */,
			);
			runOnlyForDeploymentPostprocessing = 0;
		};
/* End PBXFrameworksBuildPhase section */

/* Begin PBXGroup section */
		1EE2BD8D88CA0663B9A202DB /* encodable */ = {
			isa = PBXGroup;
			children = (
				29F936BE5E521F5EBDF2C5B0 /* Array+ASN1Encoding.swift */,
				682CA9461C4C8EC88F531612 /* ASN1CodableType.swift */,
				91DD74E01ECD7D6B36A8DD5C /* ASN1Object+Encoding.swift */,
				8D6589209BF92E6FAD1D8418 /* Bool+ASN1Encoding.swift */,
				FE6BEC210BE6F5B6011D0927 /* Data+ASN1Encoding.swift */,
				20F75C80274863637D66895E /* Date+ASN1Encoding.swift */,
				1E2EAB03DFE2F370514F7C02 /* GeneralizedTimeDateFormatter.swift */,
				F552908E1DD373AD6498D714 /* Int+ASN1Encoding.swift */,
				95E69CEBA06059B7CE7BDD86 /* String+ASN1Encoding.swift */,
			);
			path = encodable;
			sourceTree = "<group>";
		};
		3DF890C6528F628272530696 = {
			isa = PBXGroup;
			children = (
				A6E70248318396D5A7BA93A4 /* ASN1Kit */,
				9343271E2FAD929AB4F08DF8 /* ASN1KitTests */,
				D1B71D87CE9C63A39066866A /* CLI */,
				50A67DE3431845D2FF6DA875 /* Frameworks */,
				C58099C8C669C0806B4D83F2 /* Products */,
			);
			sourceTree = "<group>";
		};
		50A67DE3431845D2FF6DA875 /* Frameworks */ = {
			isa = PBXGroup;
			children = (
				A8878DCC21AFC93BB2564634 /* Commandant.xcframework */,
				67959C4111EE1EF55B0DA0D2 /* DataKit.xcframework */,
				1195CA0CCDEEC9DD286640CE /* GemCommonsKit.xcframework */,
				BF61706FCE50D5985198456D /* Nimble.xcframework */,
				29688B379044C6353A547914 /* ObjCCommonsKit.xcframework */,
			);
			name = Frameworks;
			sourceTree = "<group>";
		};
		9343271E2FAD929AB4F08DF8 /* ASN1KitTests */ = {
			isa = PBXGroup;
			children = (
				E411CBC6B2363A7718BB855C /* ASN1ConstructedEncodingTest.swift */,
				B773A1D71BE54F4B12038A79 /* ASN1DecodedTagEncodingTest.swift */,
				651A74D459078AEE91E77A12 /* ASN1DecoderTest.swift */,
				EBD80F567C76B43BC0CD8F42 /* ASN1LengthEncodingTest.swift */,
				CA6D1422AAD40249BFE7689C /* ASN1ObjectExtEncodingTest.swift */,
				E7149D565833C3F38AF2E9D3 /* ASN1PrimitiveEncodingTest.swift */,
				D4414BF62063B4067B098F2C /* DataScannerTest.swift */,
				9116DA6374C920818E67DCA3 /* EquatableASN1Object.swift */,
				FE2283CDB733F21F0907E3DE /* ObjectIdentifierTest.swift */,
				6CA0F933F8D96281292B9804 /* OutputStreamBuffer.swift */,
				2F74452A4040AC0BEACAE527 /* Resources.bundle */,
				D20643EB5583D310782284D8 /* XCTestManifests.swift */,
				EEB056774BF26FE9AFA483F0 /* encodable */,
				E1160426326B96B27B8D1932 /* extension */,
			);
			name = ASN1KitTests;
			path = Tests/ASN1KitTests;
			sourceTree = "<group>";
		};
		A6E70248318396D5A7BA93A4 /* ASN1Kit */ = {
			isa = PBXGroup;
			children = (
				2DF88A2A92C0219F9499C709 /* ASN1Data.swift */,
				F1283DF9E0AEE91D07BBE653 /* ASN1DecodedTag.swift */,
				CB599D1E4B26C96101A2DF9B /* ASN1Decoder.swift */,
				1B7E3F5ED0AD2F7AE7791664 /* ASN1Error.swift */,
				4CCDE5B661AB69E4CC34002E /* ASN1Int.swift */,
				9A8427D30FFDE81EEE9EA077 /* ASN1Kit.docc */,
				3B3565C1EF3F5358CB63989B /* ASN1Object.swift */,
				5147C7BA70B61862A7B1B5C7 /* ASN1Tag.swift */,
				A659A6785BA96384890F6CB3 /* DataScanner.swift */,
				B5B7141F9BEAC2201CE5D6C6 /* ObjectIdentifier.swift */,
				1EE2BD8D88CA0663B9A202DB /* encodable */,
				DD5B0ADC52A94CD294D935BA /* extension */,
			);
			name = ASN1Kit;
			path = Sources/ASN1Kit;
			sourceTree = "<group>";
		};
		C58099C8C669C0806B4D83F2 /* Products */ = {
			isa = PBXGroup;
			children = (
				A9781C2A34B69ED0B9AAAED3 /* asn1c */,
				EA715287F36358662131FFEE /* ASN1Kit.framework */,
				FCB2F1C0CA35F0DC4C840B06 /* ASN1Kit.framework */,
				D06002EF12CB14E936090932 /* ASN1KitTests.xctest */,
				80C94C8336D1F9456C479130 /* ASN1KitTests.xctest */,
			);
			name = Products;
			sourceTree = "<group>";
		};
		D1B71D87CE9C63A39066866A /* CLI */ = {
			isa = PBXGroup;
			children = (
				6BD6BC0258334E692989ACFD /* main.swift */,
				61C1D3C1FF03C75FE439C1DE /* ParseCommand.swift */,
				EAE188072EC317B93DC93A87 /* VersionCommand.swift */,
			);
			name = CLI;
			path = Sources/CLI;
			sourceTree = "<group>";
		};
		DD5B0ADC52A94CD294D935BA /* extension */ = {
			isa = PBXGroup;
			children = (
				42798FCD566F160C179F4D00 /* ASN1DecodedTag+Encoding.swift */,
				57696B242CEC1135B95932D3 /* ASN1Object+Subscript.swift */,
				877161B2467F0F34D9E901D6 /* ASN1Primitive+Description.swift */,
				23FB6D4A9A39457FB4F41F28 /* Data+ASN1Int.swift */,
				D81A14559C0096076BBF8F7B /* Data+UInt.swift */,
				6356E857834185E8A2AAC586 /* Int+Length.swift */,
				0D076069191DF89E13AE3EE9 /* OutputStream+UInt8.swift */,
				B0EB690DB57F739093557F15 /* String+Subscript.swift */,
				0B56DBEE6D521DCA07780157 /* UInt+TagNo.swift */,
			);
			path = extension;
			sourceTree = "<group>";
		};
		E1160426326B96B27B8D1932 /* extension */ = {
			isa = PBXGroup;
			children = (
				C0375FD76819501822510FF9 /* DataExtASN1IntTest.swift */,
				129B2100778B001C7D6F193B /* DataExtUIntTest.swift */,
				4A6D5090D6A516C0C7A29A46 /* IntExtLengthTest.swift */,
				AE5ECA8126459D5803D20DAB /* Nimbe+ASN1Data.swift */,
				3B27876AB4FF2F286108979A /* UIntExtTagNoTest.swift */,
			);
			path = extension;
			sourceTree = "<group>";
		};
		EEB056774BF26FE9AFA483F0 /* encodable */ = {
			isa = PBXGroup;
			children = (
				8F054CF8662ED12DB4C32D44 /* ArrayExtASN1EncodingTest.swift */,
				0B9B5B5EF9D8D523A3DA5AA2 /* BitStringASN1EncodingTest.swift */,
				3EBAFBDD359F51A1632C7D09 /* BoolExtASN1EncodingTest.swift */,
				7721A2E275F531E9D69AAE59 /* DataExtASN1EncodingTest.swift */,
				BE486480A900E1343206642F /* DateExtASN1EncodingTest.swift */,
				6FF683ACCB52B2C08A6BB386 /* IntExtASN1EncodingTest.swift */,
				2E59EDC7B029DB06F8E1F43D /* StringExtASN1EncodingTest.swift */,
			);
			path = encodable;
			sourceTree = "<group>";
		};
/* End PBXGroup section */

/* Begin PBXNativeTarget section */
		1C876C47CB6FF5E554E61A88 /* ASN1Kit_macOS */ = {
			isa = PBXNativeTarget;
			buildConfigurationList = 7B319C71329005898C706C64 /* Build configuration list for PBXNativeTarget "ASN1Kit_macOS" */;
			buildPhases = (
				2A0DC5312C918F56E1EF419D /* Sources */,
				31A9668E7358CE7A7C70371D /* Frameworks */,
			);
			buildRules = (
			);
			dependencies = (
			);
			name = ASN1Kit_macOS;
			productName = ASN1Kit_macOS;
			productReference = FCB2F1C0CA35F0DC4C840B06 /* ASN1Kit.framework */;
			productType = "com.apple.product-type.framework";
		};
		2642DB693D29AADDF35E6199 /* ASN1KitTests_iOS */ = {
			isa = PBXNativeTarget;
			buildConfigurationList = B702F553C26DE541B4E81AD8 /* Build configuration list for PBXNativeTarget "ASN1KitTests_iOS" */;
			buildPhases = (
				CE1196A939B40F1E09DB79F5 /* Sources */,
				28157657399C490C4D7B92DD /* Resources */,
				22F5647D41F31F3F47CA25CF /* Frameworks */,
				157CA323A392E8687CDEBEF2 /* Embed Frameworks */,
			);
			buildRules = (
			);
			dependencies = (
				84AC030323F264B73CB260BB /* PBXTargetDependency */,
			);
			name = ASN1KitTests_iOS;
			productName = ASN1KitTests_iOS;
			productReference = D06002EF12CB14E936090932 /* ASN1KitTests.xctest */;
			productType = "com.apple.product-type.bundle.unit-test";
		};
		572EA20592E8E506DCA69F56 /* asn1c */ = {
			isa = PBXNativeTarget;
			buildConfigurationList = 81406BE605E47DA1BEF83ECC /* Build configuration list for PBXNativeTarget "asn1c" */;
			buildPhases = (
				3BBEAD2CDA568C8FB3BF3117 /* Sources */,
				19C02154DB33A806F14446E1 /* Frameworks */,
				5C42F414A300DDC83A7D7018 /* Embed Frameworks */,
			);
			buildRules = (
			);
			dependencies = (
				162918FD40BD695ED8447DE5 /* PBXTargetDependency */,
			);
			name = asn1c;
			productName = asn1c;
			productReference = A9781C2A34B69ED0B9AAAED3 /* asn1c */;
			productType = "com.apple.product-type.tool";
		};
		6958CEE18CD9C1A98EE0CFB0 /* ASN1KitTests_macOS */ = {
			isa = PBXNativeTarget;
			buildConfigurationList = 4CB9CFEC46D78599568DBDDD /* Build configuration list for PBXNativeTarget "ASN1KitTests_macOS" */;
			buildPhases = (
				F4678E150096918EED110C50 /* Sources */,
				7FAD9C186AE484A6E78BA397 /* Resources */,
				8821974FA2D85F704C1EC20E /* Frameworks */,
				8C262C030C6C99C3AE5821BE /* Embed Frameworks */,
			);
			buildRules = (
			);
			dependencies = (
				8E4682C9091B26B0F3276C46 /* PBXTargetDependency */,
			);
			name = ASN1KitTests_macOS;
			productName = ASN1KitTests_macOS;
			productReference = 80C94C8336D1F9456C479130 /* ASN1KitTests.xctest */;
			productType = "com.apple.product-type.bundle.unit-test";
		};
		ADF48795950D497705C1D029 /* ASN1Kit_iOS */ = {
			isa = PBXNativeTarget;
			buildConfigurationList = B05D557EFC6409A1044D1775 /* Build configuration list for PBXNativeTarget "ASN1Kit_iOS" */;
			buildPhases = (
				D8E3B052D2A6E621DE216142 /* Sources */,
				CAE303630B670F058036798F /* Frameworks */,
			);
			buildRules = (
			);
			dependencies = (
			);
			name = ASN1Kit_iOS;
			productName = ASN1Kit_iOS;
			productReference = EA715287F36358662131FFEE /* ASN1Kit.framework */;
			productType = "com.apple.product-type.framework";
		};
/* End PBXNativeTarget section */

/* Begin PBXProject section */
		1499C78E18CE0089E24463EF /* Project object */ = {
			isa = PBXProject;
			attributes = {
				LastUpgradeCheck = 1200;
				TargetAttributes = {
				};
			};
			buildConfigurationList = A8AD84FCA0AD964412756D0E /* Build configuration list for PBXProject "ASN1Kit" */;
			compatibilityVersion = "Xcode 11.0";
			developmentRegion = en;
			hasScannedForEncodings = 0;
			knownRegions = (
				Base,
				en,
			);
			mainGroup = 3DF890C6528F628272530696;
			projectDirPath = "";
			projectRoot = "";
			targets = (
				2642DB693D29AADDF35E6199 /* ASN1KitTests_iOS */,
				6958CEE18CD9C1A98EE0CFB0 /* ASN1KitTests_macOS */,
				ADF48795950D497705C1D029 /* ASN1Kit_iOS */,
				1C876C47CB6FF5E554E61A88 /* ASN1Kit_macOS */,
				572EA20592E8E506DCA69F56 /* asn1c */,
			);
		};
/* End PBXProject section */

/* Begin PBXResourcesBuildPhase section */
		28157657399C490C4D7B92DD /* Resources */ = {
			isa = PBXResourcesBuildPhase;
			buildActionMask = 2147483647;
			files = (
				F1CC544EBAC1321398D25FFE /* Resources.bundle in Resources */,
			);
			runOnlyForDeploymentPostprocessing = 0;
		};
		7FAD9C186AE484A6E78BA397 /* Resources */ = {
			isa = PBXResourcesBuildPhase;
			buildActionMask = 2147483647;
			files = (
				69F4EEAF4E3E0397D40E476F /* Resources.bundle in Resources */,
			);
			runOnlyForDeploymentPostprocessing = 0;
		};
/* End PBXResourcesBuildPhase section */

/* Begin PBXSourcesBuildPhase section */
		2A0DC5312C918F56E1EF419D /* Sources */ = {
			isa = PBXSourcesBuildPhase;
			buildActionMask = 2147483647;
			files = (
				9D17EE10FE61BB4A5037E572 /* ASN1CodableType.swift in Sources */,
				3FE363EB574BF116FE0694B6 /* ASN1Data.swift in Sources */,
				DCF105D37FD0913EF191FB23 /* ASN1DecodedTag+Encoding.swift in Sources */,
				D88F20B4EA775B5BC55E4E03 /* ASN1DecodedTag.swift in Sources */,
				3EDD132DAC034CF4DE8F34DF /* ASN1Decoder.swift in Sources */,
				F93831715ADC6AC030CF452C /* ASN1Error.swift in Sources */,
				FEAC4104F2271A1AA5DCEE6E /* ASN1Int.swift in Sources */,
				FE04A9A74EACC632D6A6FC3C /* ASN1Kit.docc in Sources */,
				DBC03CEAD521DE42C693BE47 /* ASN1Object+Encoding.swift in Sources */,
				4FE81CF90BB440EA399BA9F3 /* ASN1Object+Subscript.swift in Sources */,
				B7431E3E68585A29DAA552C2 /* ASN1Object.swift in Sources */,
				A93FE26E1442617F0E73F491 /* ASN1Primitive+Description.swift in Sources */,
				93476DF488DA0EEABB8B3090 /* ASN1Tag.swift in Sources */,
				89573B6639B4C98580E964A4 /* Array+ASN1Encoding.swift in Sources */,
				386D7340A71DCC2D17273A9F /* Bool+ASN1Encoding.swift in Sources */,
				6EFA511D9C97057E6E6E9AF4 /* Data+ASN1Encoding.swift in Sources */,
				735301D1F92747F563B85DB1 /* Data+ASN1Int.swift in Sources */,
				A2D59E4F69851795C669A0FD /* Data+UInt.swift in Sources */,
				F98ED991C169EFD79FC12D34 /* DataScanner.swift in Sources */,
				3B20D9B06E44DEAEA63A92B2 /* Date+ASN1Encoding.swift in Sources */,
				777CE0C67FEFCC9C1C109B96 /* GeneralizedTimeDateFormatter.swift in Sources */,
				1E4B7657A0C3CF435784CAF4 /* Int+ASN1Encoding.swift in Sources */,
				72EE622871F2EDB6BE588677 /* Int+Length.swift in Sources */,
				BB79BE126F64F96D4C0DA630 /* ObjectIdentifier.swift in Sources */,
				81BB10622B3F4467CDB2B088 /* OutputStream+UInt8.swift in Sources */,
				B6CDFB682E538A091771BB2F /* String+ASN1Encoding.swift in Sources */,
				FDF6CAA23C651A9352381BA2 /* String+Subscript.swift in Sources */,
				B549A1752E99077D65E0AB1C /* UInt+TagNo.swift in Sources */,
			);
			runOnlyForDeploymentPostprocessing = 0;
		};
		3BBEAD2CDA568C8FB3BF3117 /* Sources */ = {
			isa = PBXSourcesBuildPhase;
			buildActionMask = 2147483647;
			files = (
				4EDE83BF61F1A24C49E50BC8 /* ParseCommand.swift in Sources */,
				FAC877B733818A87D5486BB3 /* VersionCommand.swift in Sources */,
				F0C963ACC445EE7E072C7681 /* main.swift in Sources */,
			);
			runOnlyForDeploymentPostprocessing = 0;
		};
		CE1196A939B40F1E09DB79F5 /* Sources */ = {
			isa = PBXSourcesBuildPhase;
			buildActionMask = 2147483647;
			files = (
				8ABD4BB90EB26AAED91C5A25 /* ASN1ConstructedEncodingTest.swift in Sources */,
				A7DF2275B7E5BF40960BF6F2 /* ASN1DecodedTagEncodingTest.swift in Sources */,
				909D0B15F3C5EFCDE002DB37 /* ASN1DecoderTest.swift in Sources */,
				923EBCB652ED1F3D22FC5C80 /* ASN1LengthEncodingTest.swift in Sources */,
				E514E3DC3E3F88DEAC3632A1 /* ASN1ObjectExtEncodingTest.swift in Sources */,
				310412CDFD875372C3944B07 /* ASN1PrimitiveEncodingTest.swift in Sources */,
				3E4FD1BB5FDAE8D1FEC5EE20 /* ArrayExtASN1EncodingTest.swift in Sources */,
				4530A1B17AAD4CE9920FCFFA /* BitStringASN1EncodingTest.swift in Sources */,
				BCF7B199F110C6B2B5C51BBB /* BoolExtASN1EncodingTest.swift in Sources */,
				EF5E13FA3EDC342F7348ED22 /* DataExtASN1EncodingTest.swift in Sources */,
				0040DDBB365A7AE691912256 /* DataExtASN1IntTest.swift in Sources */,
				293BAA15A55886ABBF38C9AC /* DataExtUIntTest.swift in Sources */,
				955ED7B1ED45891AF2155F95 /* DataScannerTest.swift in Sources */,
				40B7CDC91BC800F0F11353A3 /* DateExtASN1EncodingTest.swift in Sources */,
				CB07BFE95771270B6CEDB252 /* EquatableASN1Object.swift in Sources */,
				717486F7A70D900E0A88921A /* IntExtASN1EncodingTest.swift in Sources */,
				6ECF4DCC0E1CF7E122C912F2 /* IntExtLengthTest.swift in Sources */,
				50EA7203BD619CD6144433AE /* Nimbe+ASN1Data.swift in Sources */,
				7273CA3B76A15E14DB999AE5 /* ObjectIdentifierTest.swift in Sources */,
				4CFBA022F216EA1BC860C008 /* OutputStreamBuffer.swift in Sources */,
				55BCDDFD4DCF35048244AF11 /* StringExtASN1EncodingTest.swift in Sources */,
				7E30659E1E24F8D70C620613 /* UIntExtTagNoTest.swift in Sources */,
				1C88C7CF24A0B9895AB3D3EC /* XCTestManifests.swift in Sources */,
			);
			runOnlyForDeploymentPostprocessing = 0;
		};
		D8E3B052D2A6E621DE216142 /* Sources */ = {
			isa = PBXSourcesBuildPhase;
			buildActionMask = 2147483647;
			files = (
				48460F5B83DE8A67A9A258CB /* ASN1CodableType.swift in Sources */,
				876A25159DFAFF02E47BA798 /* ASN1Data.swift in Sources */,
				C50A22F8834F725A844AA7B5 /* ASN1DecodedTag+Encoding.swift in Sources */,
				58E1F7B8AA99ADC617C3DE63 /* ASN1DecodedTag.swift in Sources */,
				607E363A5AB30754E6E253D0 /* ASN1Decoder.swift in Sources */,
				5160C1EC09178FCFA637AE90 /* ASN1Error.swift in Sources */,
				1CB55A4AC9602C33703C94FD /* ASN1Int.swift in Sources */,
				FB7E017B159B07C6E935949D /* ASN1Kit.docc in Sources */,
				E8D561E5747988360C6F0B03 /* ASN1Object+Encoding.swift in Sources */,
				C5AD011E58AC18C57D4CCBEE /* ASN1Object+Subscript.swift in Sources */,
				D4B306FC8ADDBCF028D3C458 /* ASN1Object.swift in Sources */,
				A6A96089E605B4F713B656C9 /* ASN1Primitive+Description.swift in Sources */,
				7C2CF32353B13885C17213DA /* ASN1Tag.swift in Sources */,
				6273F64D98265E1DDEE02AB8 /* Array+ASN1Encoding.swift in Sources */,
				8DD817FBE8165C2831712CE1 /* Bool+ASN1Encoding.swift in Sources */,
				57E3AEC51C77F79E6D5C4CF9 /* Data+ASN1Encoding.swift in Sources */,
				57C08DBA07EDCE4E16F8F989 /* Data+ASN1Int.swift in Sources */,
				B268059EEAA76F2A9C60CEBC /* Data+UInt.swift in Sources */,
				E88E0E7B879F8C80D99AD743 /* DataScanner.swift in Sources */,
				E412302F15252C57DB4BD6CF /* Date+ASN1Encoding.swift in Sources */,
				2B421AB7D04D98866F2A270F /* GeneralizedTimeDateFormatter.swift in Sources */,
				DFD7C12D471555BE02CFA8D8 /* Int+ASN1Encoding.swift in Sources */,
				4270B66FDA31476D547F8B72 /* Int+Length.swift in Sources */,
				204397D412BB5EACBC2E5678 /* ObjectIdentifier.swift in Sources */,
				14A62F86561AA58F7A42B81E /* OutputStream+UInt8.swift in Sources */,
				6A218EA1A163879765BF62B1 /* String+ASN1Encoding.swift in Sources */,
				CB4DBFBCB1BCAEA6E5800668 /* String+Subscript.swift in Sources */,
				807D6F49BA6DD72D8A3B28DE /* UInt+TagNo.swift in Sources */,
			);
			runOnlyForDeploymentPostprocessing = 0;
		};
		F4678E150096918EED110C50 /* Sources */ = {
			isa = PBXSourcesBuildPhase;
			buildActionMask = 2147483647;
			files = (
				9934BC8D009331500F7DE798 /* ASN1ConstructedEncodingTest.swift in Sources */,
				432991C0CB86AEE45066070C /* ASN1DecodedTagEncodingTest.swift in Sources */,
				CE1752D5BFF7E57A2AE7BDDD /* ASN1DecoderTest.swift in Sources */,
				52E6E9F3BC42628487BBE07B /* ASN1LengthEncodingTest.swift in Sources */,
				3E4357330A100BD7A37BFA33 /* ASN1ObjectExtEncodingTest.swift in Sources */,
				028E1EABB69EA19F8B33BDA8 /* ASN1PrimitiveEncodingTest.swift in Sources */,
				BBAB7A26A9818E2A28F6963B /* ArrayExtASN1EncodingTest.swift in Sources */,
				732A8FB09B82773821E6E97E /* BitStringASN1EncodingTest.swift in Sources */,
				4FDD07E5C07A95F381EB0CC4 /* BoolExtASN1EncodingTest.swift in Sources */,
				D2A69AAB1AC9AAAE4F4C0D6C /* DataExtASN1EncodingTest.swift in Sources */,
				E38C3D899B7406706AF492D4 /* DataExtASN1IntTest.swift in Sources */,
				2C130F6881BD9715461358D1 /* DataExtUIntTest.swift in Sources */,
				5FE8DC759D6531C4F82A7FFA /* DataScannerTest.swift in Sources */,
				95DA7E82D2A5CB38FF38BB45 /* DateExtASN1EncodingTest.swift in Sources */,
				BAC5F33D8F379AEE15851046 /* EquatableASN1Object.swift in Sources */,
				0B82CD9B738679672F1357BC /* IntExtASN1EncodingTest.swift in Sources */,
				C9F763B61F090ED20EAA93C1 /* IntExtLengthTest.swift in Sources */,
				6224D7C5EA9B740036728E3E /* Nimbe+ASN1Data.swift in Sources */,
				3053A5FBF200E4F3B53DD670 /* ObjectIdentifierTest.swift in Sources */,
				EF979B0218F4137107A0A0F6 /* OutputStreamBuffer.swift in Sources */,
				075D42347F9B859EFD75CA1F /* StringExtASN1EncodingTest.swift in Sources */,
				DD84CEBA4D68B30AF9C796CA /* UIntExtTagNoTest.swift in Sources */,
				1183F1D6EE366FC4AD1EF46E /* XCTestManifests.swift in Sources */,
			);
			runOnlyForDeploymentPostprocessing = 0;
		};
/* End PBXSourcesBuildPhase section */

/* Begin PBXTargetDependency section */
		162918FD40BD695ED8447DE5 /* PBXTargetDependency */ = {
			isa = PBXTargetDependency;
			target = 1C876C47CB6FF5E554E61A88 /* ASN1Kit_macOS */;
			targetProxy = 048FCF2EEA2A3345B1B19CC9 /* PBXContainerItemProxy */;
		};
		84AC030323F264B73CB260BB /* PBXTargetDependency */ = {
			isa = PBXTargetDependency;
			target = ADF48795950D497705C1D029 /* ASN1Kit_iOS */;
			targetProxy = BB8E1A015825658AACE0169C /* PBXContainerItemProxy */;
		};
		8E4682C9091B26B0F3276C46 /* PBXTargetDependency */ = {
			isa = PBXTargetDependency;
			target = 1C876C47CB6FF5E554E61A88 /* ASN1Kit_macOS */;
			targetProxy = 3214F9017F633CB794F2A701 /* PBXContainerItemProxy */;
		};
/* End PBXTargetDependency section */

/* Begin XCBuildConfiguration section */
		2017B9F665E3A2B53C128C6F /* Debug */ = {
			isa = XCBuildConfiguration;
			buildSettings = {
				ALWAYS_SEARCH_USER_PATHS = NO;
				BUILD_LIBRARY_FOR_DISTRIBUTION = YES;
				CLANG_ANALYZER_NONNULL = YES;
				CLANG_ANALYZER_NUMBER_OBJECT_CONVERSION = YES_AGGRESSIVE;
				CLANG_CXX_LANGUAGE_STANDARD = "gnu++14";
				CLANG_CXX_LIBRARY = "libc++";
				CLANG_ENABLE_MODULES = YES;
				CLANG_ENABLE_OBJC_ARC = YES;
				CLANG_ENABLE_OBJC_WEAK = YES;
				CLANG_WARN_BLOCK_CAPTURE_AUTORELEASING = YES;
				CLANG_WARN_BOOL_CONVERSION = YES;
				CLANG_WARN_COMMA = YES;
				CLANG_WARN_CONSTANT_CONVERSION = YES;
				CLANG_WARN_DEPRECATED_OBJC_IMPLEMENTATIONS = YES;
				CLANG_WARN_DIRECT_OBJC_ISA_USAGE = YES_ERROR;
				CLANG_WARN_DOCUMENTATION_COMMENTS = YES;
				CLANG_WARN_EMPTY_BODY = YES;
				CLANG_WARN_ENUM_CONVERSION = YES;
				CLANG_WARN_INFINITE_RECURSION = YES;
				CLANG_WARN_INT_CONVERSION = YES;
				CLANG_WARN_NON_LITERAL_NULL_CONVERSION = YES;
				CLANG_WARN_OBJC_IMPLICIT_RETAIN_SELF = YES;
				CLANG_WARN_OBJC_LITERAL_CONVERSION = YES;
				CLANG_WARN_OBJC_ROOT_CLASS = YES_ERROR;
				CLANG_WARN_QUOTED_INCLUDE_IN_FRAMEWORK_HEADER = YES;
				CLANG_WARN_RANGE_LOOP_ANALYSIS = YES;
				CLANG_WARN_STRICT_PROTOTYPES = YES;
				CLANG_WARN_SUSPICIOUS_MOVE = YES;
				CLANG_WARN_UNGUARDED_AVAILABILITY = YES_AGGRESSIVE;
				CLANG_WARN_UNREACHABLE_CODE = YES;
				CLANG_WARN__DUPLICATE_METHOD_MATCH = YES;
				COPY_PHASE_STRIP = NO;
				CURRENT_PROJECT_VERSION = "-1";
				DEBUG_INFORMATION_FORMAT = dwarf;
				ENABLE_STRICT_OBJC_MSGSEND = YES;
				ENABLE_TESTABILITY = YES;
				GCC_C_LANGUAGE_STANDARD = gnu11;
				GCC_DYNAMIC_NO_PIC = NO;
				GCC_NO_COMMON_BLOCKS = YES;
				GCC_OPTIMIZATION_LEVEL = 0;
				GCC_PREPROCESSOR_DEFINITIONS = (
					"$(inherited)",
					"DEBUG=1",
				);
				GCC_WARN_64_TO_32_BIT_CONVERSION = YES;
				GCC_WARN_ABOUT_RETURN_TYPE = YES_ERROR;
				GCC_WARN_UNDECLARED_SELECTOR = YES;
				GCC_WARN_UNINITIALIZED_AUTOS = YES_AGGRESSIVE;
				GCC_WARN_UNUSED_FUNCTION = YES;
				GCC_WARN_UNUSED_VARIABLE = YES;
				IPHONEOS_DEPLOYMENT_TARGET = 12.1;
				MACOSX_DEPLOYMENT_TARGET = 11.0;
				MTL_ENABLE_DEBUG_INFO = INCLUDE_SOURCE;
				MTL_FAST_MATH = YES;
				ONLY_ACTIVE_ARCH = YES;
				PRODUCT_NAME = "$(TARGET_NAME)";
				SWIFT_ACTIVE_COMPILATION_CONDITIONS = DEBUG;
				SWIFT_COMPILATION_MODE = incremental;
				SWIFT_OPTIMIZATION_LEVEL = "-Onone";
				SWIFT_VERSION = 5.0;
				VERSIONING_SYSTEM = "apple-generic";
			};
			name = Debug;
		};
		355B3F0A7EBE5C83127BF03A /* Release */ = {
			isa = XCBuildConfiguration;
			buildSettings = {
				CODE_SIGN_IDENTITY = "";
				CURRENT_PROJECT_VERSION = 1;
				DEFINES_MODULE = YES;
				DYLIB_COMPATIBILITY_VERSION = 1;
				DYLIB_CURRENT_VERSION = 1;
				DYLIB_INSTALL_NAME_BASE = "@rpath";
				FRAMEWORK_SEARCH_PATHS = (
					"$(inherited)",
					"\"Carthage/Build\"",
				);
				INFOPLIST_FILE = Resources/ASN1Kit_Info.plist;
				INSTALL_PATH = "$(LOCAL_LIBRARY_DIR)/Frameworks";
				LD_RUNPATH_SEARCH_PATHS = (
					"$(inherited)",
					"@executable_path/Frameworks",
				);
				PRODUCT_BUNDLE_IDENTIFIER = "de.gematik.ti.common.ASN1Kit-iOS";
				PRODUCT_NAME = ASN1Kit;
				SDKROOT = iphoneos;
				SKIP_INSTALL = YES;
				TARGETED_DEVICE_FAMILY = "1,2";
				VERSIONING_SYSTEM = "apple-generic";
			};
			name = Release;
		};
		3F139137A2FBAB54D23ED063 /* Release */ = {
			isa = XCBuildConfiguration;
			buildSettings = {
				COMBINE_HIDPI_IMAGES = YES;
				FRAMEWORK_SEARCH_PATHS = (
					"$(inherited)",
					"\"Carthage/Build\"",
				);
				LD_RUNPATH_SEARCH_PATHS = "$(inherited) @executable_path";
				PRODUCT_BUNDLE_IDENTIFIER = de.gematik.ti.common.asn1c;
				SDKROOT = macosx;
				SWIFT_FORCE_DYNAMIC_LINK_STDLIB = YES;
				SWIFT_FORCE_STATIC_LINK_STDLIB = NO;
			};
			name = Release;
		};
		44426647CD2E093859039FBD /* Debug */ = {
			isa = XCBuildConfiguration;
			buildSettings = {
				CODE_SIGN_IDENTITY = "";
				COMBINE_HIDPI_IMAGES = YES;
				CURRENT_PROJECT_VERSION = 1;
				DEFINES_MODULE = YES;
				DYLIB_COMPATIBILITY_VERSION = 1;
				DYLIB_CURRENT_VERSION = 1;
				DYLIB_INSTALL_NAME_BASE = "@rpath";
				FRAMEWORK_SEARCH_PATHS = (
					"$(inherited)",
					"\"Carthage/Build\"",
				);
				INFOPLIST_FILE = Resources/ASN1Kit_Info.plist;
				INSTALL_PATH = "$(LOCAL_LIBRARY_DIR)/Frameworks";
				LD_RUNPATH_SEARCH_PATHS = (
					"$(inherited)",
					"@executable_path/../Frameworks",
				);
				PRODUCT_BUNDLE_IDENTIFIER = "de.gematik.ti.common.ASN1Kit-macOS";
				PRODUCT_NAME = ASN1Kit;
				SDKROOT = macosx;
				SKIP_INSTALL = YES;
				VERSIONING_SYSTEM = "apple-generic";
			};
			name = Debug;
		};
		79545C3007B3C070D5F81567 /* Debug */ = {
			isa = XCBuildConfiguration;
			buildSettings = {
				CODE_SIGN_IDENTITY = "";
				CURRENT_PROJECT_VERSION = 1;
				DEFINES_MODULE = YES;
				DYLIB_COMPATIBILITY_VERSION = 1;
				DYLIB_CURRENT_VERSION = 1;
				DYLIB_INSTALL_NAME_BASE = "@rpath";
				FRAMEWORK_SEARCH_PATHS = (
					"$(inherited)",
					"\"Carthage/Build\"",
				);
				INFOPLIST_FILE = Resources/ASN1Kit_Info.plist;
				INSTALL_PATH = "$(LOCAL_LIBRARY_DIR)/Frameworks";
				LD_RUNPATH_SEARCH_PATHS = (
					"$(inherited)",
					"@executable_path/Frameworks",
				);
				PRODUCT_BUNDLE_IDENTIFIER = "de.gematik.ti.common.ASN1Kit-iOS";
				PRODUCT_NAME = ASN1Kit;
				SDKROOT = iphoneos;
				SKIP_INSTALL = YES;
				TARGETED_DEVICE_FAMILY = "1,2";
				VERSIONING_SYSTEM = "apple-generic";
			};
			name = Debug;
		};
		7E7ED196B6459A9CCFF60AED /* Release */ = {
			isa = XCBuildConfiguration;
			buildSettings = {
				CODE_SIGN_IDENTITY = "";
				COMBINE_HIDPI_IMAGES = YES;
				CURRENT_PROJECT_VERSION = 1;
				DEFINES_MODULE = YES;
				DYLIB_COMPATIBILITY_VERSION = 1;
				DYLIB_CURRENT_VERSION = 1;
				DYLIB_INSTALL_NAME_BASE = "@rpath";
				FRAMEWORK_SEARCH_PATHS = (
					"$(inherited)",
					"\"Carthage/Build\"",
				);
				INFOPLIST_FILE = Resources/ASN1Kit_Info.plist;
				INSTALL_PATH = "$(LOCAL_LIBRARY_DIR)/Frameworks";
				LD_RUNPATH_SEARCH_PATHS = (
					"$(inherited)",
					"@executable_path/../Frameworks",
				);
				PRODUCT_BUNDLE_IDENTIFIER = "de.gematik.ti.common.ASN1Kit-macOS";
				PRODUCT_NAME = ASN1Kit;
				SDKROOT = macosx;
				SKIP_INSTALL = YES;
				VERSIONING_SYSTEM = "apple-generic";
			};
			name = Release;
		};
		834BF3143C48F3C16E994498 /* Release */ = {
			isa = XCBuildConfiguration;
			buildSettings = {
				BUNDLE_LOADER = "$(TEST_HOST)";
				FRAMEWORK_SEARCH_PATHS = (
					"$(inherited)",
					"\"Carthage/Build\"",
				);
				INFOPLIST_FILE = Resources/ASN1Kit_Tests_Info.plist;
				LD_RUNPATH_SEARCH_PATHS = (
					"$(inherited)",
					"@executable_path/Frameworks",
					"@loader_path/Frameworks",
				);
				PRODUCT_BUNDLE_IDENTIFIER = "de.gematik.ti.common.ASN1KitTests-iOS";
				PRODUCT_NAME = ASN1KitTests;
				SDKROOT = iphoneos;
				TARGETED_DEVICE_FAMILY = "1,2";
			};
			name = Release;
		};
		9149D41B069FE9625CF1C614 /* Debug */ = {
			isa = XCBuildConfiguration;
			buildSettings = {
				BUNDLE_LOADER = "$(TEST_HOST)";
				COMBINE_HIDPI_IMAGES = YES;
				FRAMEWORK_SEARCH_PATHS = (
					"$(inherited)",
					"\"Carthage/Build\"",
				);
				INFOPLIST_FILE = Resources/ASN1Kit_Tests_Info.plist;
				LD_RUNPATH_SEARCH_PATHS = (
					"$(inherited)",
					"@executable_path/../Frameworks",
					"@loader_path/../Frameworks",
				);
				PRODUCT_BUNDLE_IDENTIFIER = "de.gematik.ti.common.ASN1KitTests-macOS";
				PRODUCT_NAME = ASN1KitTests;
				SDKROOT = macosx;
			};
			name = Debug;
		};
		9A08847159F1DE03C0C92CA2 /* Debug */ = {
			isa = XCBuildConfiguration;
			buildSettings = {
				COMBINE_HIDPI_IMAGES = YES;
				FRAMEWORK_SEARCH_PATHS = (
					"$(inherited)",
					"\"Carthage/Build\"",
				);
				LD_RUNPATH_SEARCH_PATHS = "$(inherited) @executable_path";
				PRODUCT_BUNDLE_IDENTIFIER = de.gematik.ti.common.asn1c;
				SDKROOT = macosx;
				SWIFT_FORCE_DYNAMIC_LINK_STDLIB = YES;
				SWIFT_FORCE_STATIC_LINK_STDLIB = NO;
			};
			name = Debug;
		};
		9C15F5B00F9DECFD48753204 /* Release */ = {
			isa = XCBuildConfiguration;
			buildSettings = {
				ALWAYS_SEARCH_USER_PATHS = NO;
				BUILD_LIBRARY_FOR_DISTRIBUTION = YES;
				CLANG_ANALYZER_NONNULL = YES;
				CLANG_ANALYZER_NUMBER_OBJECT_CONVERSION = YES_AGGRESSIVE;
				CLANG_CXX_LANGUAGE_STANDARD = "gnu++14";
				CLANG_CXX_LIBRARY = "libc++";
				CLANG_ENABLE_MODULES = YES;
				CLANG_ENABLE_OBJC_ARC = YES;
				CLANG_ENABLE_OBJC_WEAK = YES;
				CLANG_WARN_BLOCK_CAPTURE_AUTORELEASING = YES;
				CLANG_WARN_BOOL_CONVERSION = YES;
				CLANG_WARN_COMMA = YES;
				CLANG_WARN_CONSTANT_CONVERSION = YES;
				CLANG_WARN_DEPRECATED_OBJC_IMPLEMENTATIONS = YES;
				CLANG_WARN_DIRECT_OBJC_ISA_USAGE = YES_ERROR;
				CLANG_WARN_DOCUMENTATION_COMMENTS = YES;
				CLANG_WARN_EMPTY_BODY = YES;
				CLANG_WARN_ENUM_CONVERSION = YES;
				CLANG_WARN_INFINITE_RECURSION = YES;
				CLANG_WARN_INT_CONVERSION = YES;
				CLANG_WARN_NON_LITERAL_NULL_CONVERSION = YES;
				CLANG_WARN_OBJC_IMPLICIT_RETAIN_SELF = YES;
				CLANG_WARN_OBJC_LITERAL_CONVERSION = YES;
				CLANG_WARN_OBJC_ROOT_CLASS = YES_ERROR;
				CLANG_WARN_QUOTED_INCLUDE_IN_FRAMEWORK_HEADER = YES;
				CLANG_WARN_RANGE_LOOP_ANALYSIS = YES;
				CLANG_WARN_STRICT_PROTOTYPES = YES;
				CLANG_WARN_SUSPICIOUS_MOVE = YES;
				CLANG_WARN_UNGUARDED_AVAILABILITY = YES_AGGRESSIVE;
				CLANG_WARN_UNREACHABLE_CODE = YES;
				CLANG_WARN__DUPLICATE_METHOD_MATCH = YES;
				COPY_PHASE_STRIP = NO;
				CURRENT_PROJECT_VERSION = "-1";
				DEBUG_INFORMATION_FORMAT = "dwarf-with-dsym";
				ENABLE_NS_ASSERTIONS = NO;
				ENABLE_STRICT_OBJC_MSGSEND = YES;
				GCC_C_LANGUAGE_STANDARD = gnu11;
				GCC_NO_COMMON_BLOCKS = YES;
				GCC_WARN_64_TO_32_BIT_CONVERSION = YES;
				GCC_WARN_ABOUT_RETURN_TYPE = YES_ERROR;
				GCC_WARN_UNDECLARED_SELECTOR = YES;
				GCC_WARN_UNINITIALIZED_AUTOS = YES_AGGRESSIVE;
				GCC_WARN_UNUSED_FUNCTION = YES;
				GCC_WARN_UNUSED_VARIABLE = YES;
				IPHONEOS_DEPLOYMENT_TARGET = 12.1;
				MACOSX_DEPLOYMENT_TARGET = 11.0;
				MTL_ENABLE_DEBUG_INFO = NO;
				MTL_FAST_MATH = YES;
				PRODUCT_NAME = "$(TARGET_NAME)";
				SWIFT_COMPILATION_MODE = wholemodule;
				SWIFT_OPTIMIZATION_LEVEL = "-O";
				SWIFT_VERSION = 5.0;
				VERSIONING_SYSTEM = "apple-generic";
			};
			name = Release;
		};
		A60E878B7A96771D8B732537 /* Release */ = {
			isa = XCBuildConfiguration;
			buildSettings = {
				BUNDLE_LOADER = "$(TEST_HOST)";
				COMBINE_HIDPI_IMAGES = YES;
				FRAMEWORK_SEARCH_PATHS = (
					"$(inherited)",
					"\"Carthage/Build\"",
				);
				INFOPLIST_FILE = Resources/ASN1Kit_Tests_Info.plist;
				LD_RUNPATH_SEARCH_PATHS = (
					"$(inherited)",
					"@executable_path/../Frameworks",
					"@loader_path/../Frameworks",
				);
				PRODUCT_BUNDLE_IDENTIFIER = "de.gematik.ti.common.ASN1KitTests-macOS";
				PRODUCT_NAME = ASN1KitTests;
				SDKROOT = macosx;
			};
			name = Release;
		};
		B8D5EFFB79B082A106022CBA /* Debug */ = {
			isa = XCBuildConfiguration;
			buildSettings = {
				BUNDLE_LOADER = "$(TEST_HOST)";
				FRAMEWORK_SEARCH_PATHS = (
					"$(inherited)",
					"\"Carthage/Build\"",
				);
				INFOPLIST_FILE = Resources/ASN1Kit_Tests_Info.plist;
				LD_RUNPATH_SEARCH_PATHS = (
					"$(inherited)",
					"@executable_path/Frameworks",
					"@loader_path/Frameworks",
				);
				PRODUCT_BUNDLE_IDENTIFIER = "de.gematik.ti.common.ASN1KitTests-iOS";
				PRODUCT_NAME = ASN1KitTests;
				SDKROOT = iphoneos;
				TARGETED_DEVICE_FAMILY = "1,2";
			};
			name = Debug;
		};
/* End XCBuildConfiguration section */

/* Begin XCConfigurationList section */
		4CB9CFEC46D78599568DBDDD /* Build configuration list for PBXNativeTarget "ASN1KitTests_macOS" */ = {
			isa = XCConfigurationList;
			buildConfigurations = (
				9149D41B069FE9625CF1C614 /* Debug */,
				A60E878B7A96771D8B732537 /* Release */,
			);
			defaultConfigurationIsVisible = 0;
			defaultConfigurationName = Debug;
		};
		7B319C71329005898C706C64 /* Build configuration list for PBXNativeTarget "ASN1Kit_macOS" */ = {
			isa = XCConfigurationList;
			buildConfigurations = (
				44426647CD2E093859039FBD /* Debug */,
				7E7ED196B6459A9CCFF60AED /* Release */,
			);
			defaultConfigurationIsVisible = 0;
			defaultConfigurationName = Debug;
		};
		81406BE605E47DA1BEF83ECC /* Build configuration list for PBXNativeTarget "asn1c" */ = {
			isa = XCConfigurationList;
			buildConfigurations = (
				9A08847159F1DE03C0C92CA2 /* Debug */,
				3F139137A2FBAB54D23ED063 /* Release */,
			);
			defaultConfigurationIsVisible = 0;
			defaultConfigurationName = Debug;
		};
		A8AD84FCA0AD964412756D0E /* Build configuration list for PBXProject "ASN1Kit" */ = {
			isa = XCConfigurationList;
			buildConfigurations = (
				2017B9F665E3A2B53C128C6F /* Debug */,
				9C15F5B00F9DECFD48753204 /* Release */,
			);
			defaultConfigurationIsVisible = 0;
			defaultConfigurationName = Debug;
		};
		B05D557EFC6409A1044D1775 /* Build configuration list for PBXNativeTarget "ASN1Kit_iOS" */ = {
			isa = XCConfigurationList;
			buildConfigurations = (
				79545C3007B3C070D5F81567 /* Debug */,
				355B3F0A7EBE5C83127BF03A /* Release */,
			);
			defaultConfigurationIsVisible = 0;
			defaultConfigurationName = Debug;
		};
		B702F553C26DE541B4E81AD8 /* Build configuration list for PBXNativeTarget "ASN1KitTests_iOS" */ = {
			isa = XCConfigurationList;
			buildConfigurations = (
				B8D5EFFB79B082A106022CBA /* Debug */,
				834BF3143C48F3C16E994498 /* Release */,
			);
			defaultConfigurationIsVisible = 0;
			defaultConfigurationName = Debug;
		};
/* End XCConfigurationList section */
	};
	rootObject = 1499C78E18CE0089E24463EF /* Project object */;
}
